{
  "name": "koc-common-request",
  "version": "2.0.0",
  "lockfileVersion": 1,
  "requires": true,
  "dependencies": {
    "@babel/runtime": {
      "version": "7.11.2",
      "resolved": "https://registry.npmjs.org/@babel/runtime/-/runtime-7.11.2.tgz",
      "integrity": "sha512-TeWkU52so0mPtDcaCTxNBI/IHiz0pZgr8VEFqXFtZWpYD08ZB6FaSwVAS8MKRQAP3bYKiVjwysOJgMFY28o6Tw==",
      "requires": {
        "regenerator-runtime": "^0.13.4"
      },
      "dependencies": {
        "regenerator-runtime": {
          "version": "0.13.7",
          "resolved": "https://registry.npmjs.org/regenerator-runtime/-/regenerator-runtime-0.13.7.tgz",
          "integrity": "sha512-a54FxoJDIr27pgf7IgeQGxmqUNYrcV338lf/6gH456HZ/PhX+5BcwHXG9ajESmwe6WRO0tAzRUrRmNONWgkrew=="
        }
      }
    },
    "axios": {
      "version": "0.20.0",
      "resolved": "https://registry.npmjs.org/axios/-/axios-0.20.0.tgz",
      "integrity": "sha512-ANA4rr2BDcmmAQLOKft2fufrtuvlqR+cXNNinUmvfeSNCOF98PZL+7M/v1zIdGo7OLjEA9J2gXJL+j4zGsl0bA==",
      "requires": {
        "follow-redirects": "^1.10.0"
      }
    },
    "cluster-key-slot": {
      "version": "1.1.0",
      "resolved": "https://registry.npmjs.org/cluster-key-slot/-/cluster-key-slot-1.1.0.tgz",
      "integrity": "sha512-2Nii8p3RwAPiFwsnZvukotvow2rIHM+yQ6ZcBXGHdniadkYGZYiGmkHJIbZPIV9nfv7m/U1IPMVVcAhoWFeklw==",
      "dev": true
    },
    "crypto-js": {
      "version": "4.0.0",
      "resolved": "https://registry.npmjs.org/crypto-js/-/crypto-js-4.0.0.tgz",
      "integrity": "sha512-bzHZN8Pn+gS7DQA6n+iUmBfl0hO5DJq++QP3U6uTucDtk/0iGpXd/Gg7CGR0p8tJhofJyaKoWBuJI4eAO00BBg=="
    },
    "denque": {
      "version": "1.4.1",
      "resolved": "https://registry.npmjs.org/denque/-/denque-1.4.1.tgz",
      "integrity": "sha512-OfzPuSZKGcgr96rf1oODnfjqBFmr1DVoc/TrItj3Ohe0Ah1C5WX5Baquw/9U9KovnQ88EqmJbD66rKYUQYN1tQ==",
      "dev": true
    },
    "follow-redirects": {
      "version": "1.13.0",
      "resolved": "https://registry.npmjs.org/follow-redirects/-/follow-redirects-1.13.0.tgz",
      "integrity": "sha512-aq6gF1BEKje4a9i9+5jimNFIpq4Q1WiwBToeRK5NvZBd/TRsmW8BsJfOEGkr76TbOyPVD3OVDN910EcUNtRYEA=="
    },
    "ioredis": {
      "version": "4.17.3",
      "resolved": "https://registry.npmjs.org/ioredis/-/ioredis-4.17.3.tgz",
      "integrity": "sha512-iRvq4BOYzNFkDnSyhx7cmJNOi1x/HWYe+A4VXHBu4qpwJaGT1Mp+D2bVGJntH9K/Z/GeOM/Nprb8gB3bmitz1Q==",
      "dev": true,
      "requires": {
        "cluster-key-slot": "^1.1.0",
        "debug": "^4.1.1",
        "denque": "^1.1.0",
        "lodash.defaults": "^4.2.0",
        "lodash.flatten": "^4.4.0",
        "redis-commands": "1.5.0",
        "redis-errors": "^1.2.0",
        "redis-parser": "^3.0.0",
        "standard-as-callback": "^2.0.1"
      },
      "dependencies": {
        "debug": {
          "version": "4.1.1",
          "resolved": "https://registry.npmjs.org/debug/-/debug-4.1.1.tgz",
          "integrity": "sha512-pYAIzeRo8J6KPEaJ0VWOh5Pzkbw/RetuzehGM7QRRX5he4fPHx2rdKMB256ehJCkX+XRQm16eZLqLNS8RSZXZw==",
          "dev": true,
          "requires": {
            "ms": "^2.1.1"
          }
        },
        "ms": {
          "version": "2.1.2",
          "resolved": "https://registry.npmjs.org/ms/-/ms-2.1.2.tgz",
          "integrity": "sha512-sGkPx+VjMtmA6MX27oA4FBFELFCZZ4S4XqeGOXCv68tT+jb3vk/RyaKWP0PTKyWtmLSM0b+adUTEvbs1PEaH2w==",
          "dev": true
        }
      }
    },
    "koc-common-datetime": {
      "version": "1.0.31",
      "resolved": "https://registry.npmjs.org/koc-common-datetime/-/koc-common-datetime-1.0.31.tgz",
      "integrity": "sha512-7DH7+9DcYLPQixZ6Nhd/SbZeDnnZST7TjWMBhQcTSUEFh8J2WXFg1jVTipMMOcfTSWo1tJ6mm1TJJX9WDCOFJw==",
      "dev": true,
      "requires": {
        "koc-common-string": "^1.0.48",
        "moment": "^2.27.0"
      }
    },
    "koc-common-redis": {
      "version": "2.0.2",
      "resolved": "https://registry.npmjs.org/koc-common-redis/-/koc-common-redis-2.0.2.tgz",
      "integrity": "sha512-n08ZQYiSIM5WvNS4rYuQUx0WG1huC/ifVL1kvZwLT3SiHw6kyt6wYE1vUu9DscAXj/VJDirsUYaS/df1lVyePA==",
      "dev": true,
      "requires": {
        "ioredis": "^4.17.3",
        "koc-common-return": "^2.0.8"
      },
      "dependencies": {
        "koc-common-return": {
          "version": "2.0.8",
          "resolved": "https://registry.npmjs.org/koc-common-return/-/koc-common-return-2.0.8.tgz",
          "integrity": "sha512-MYcJCBPwS7hbl4DktAgcX25LU4S0BRqkMksV72jOK/R6I3VONbG4St33aLT1wQcrI9RCReFjwFTr0jT3nCtSiA==",
          "dev": true,
          "requires": {
            "@babel/runtime": "^7.11.2"
          }
        }
      }
    },
    "koc-common-return": {
      "version": "2.0.8",
      "resolved": "https://registry.npmjs.org/koc-common-return/-/koc-common-return-2.0.8.tgz",
      "integrity": "sha512-MYcJCBPwS7hbl4DktAgcX25LU4S0BRqkMksV72jOK/R6I3VONbG4St33aLT1wQcrI9RCReFjwFTr0jT3nCtSiA==",
      "requires": {
        "@babel/runtime": "^7.11.2"
      }
    },
    "koc-common-string": {
      "version": "1.0.49",
      "resolved": "https://registry.npmjs.org/koc-common-string/-/koc-common-string-1.0.49.tgz",
      "integrity": "sha512-PnDooIgTmR37p+ZTl74XJpgE2K1iS37HCxz6gT+A9ZShob3x6b29ohYCyEAJrBY1preuVj1L/q71CPTKNu4V7g==",
      "requires": {
        "crypto-js": "^4.0.0",
        "qs": "^6.9.3"
      }
    },
    "lodash.defaults": {
      "version": "4.2.0",
      "resolved": "https://registry.npmjs.org/lodash.defaults/-/lodash.defaults-4.2.0.tgz",
      "integrity": "sha1-0JF4cW/+pN3p5ft7N/bwgCJ0WAw=",
      "dev": true
    },
    "lodash.flatten": {
      "version": "4.4.0",
      "resolved": "https://registry.npmjs.org/lodash.flatten/-/lodash.flatten-4.4.0.tgz",
      "integrity": "sha1-8xwiIlqWMtK7+OSt2+8kCqdlph8=",
      "dev": true
    },
    "moment": {
      "version": "2.28.0",
      "resolved": "https://registry.npmjs.org/moment/-/moment-2.28.0.tgz",
      "integrity": "sha512-Z5KOjYmnHyd/ukynmFd/WwyXHd7L4J9vTI/nn5Ap9AVUgaAE15VvQ9MOGmJJygEUklupqIrFnor/tjTwRU+tQw==",
      "dev": true
    },
    "qs": {
      "version": "6.9.4",
      "resolved": "https://registry.npmjs.org/qs/-/qs-6.9.4.tgz",
      "integrity": "sha512-A1kFqHekCTM7cz0udomYUoYNWjBebHm/5wzU/XqrBRBNWectVH0QIiN+NEcZ0Dte5hvzHwbr8+XQmguPhJ6WdQ=="
    },
    "redis-commands": {
      "version": "1.5.0",
      "resolved": "https://registry.npmjs.org/redis-commands/-/redis-commands-1.5.0.tgz",
      "integrity": "sha512-6KxamqpZ468MeQC3bkWmCB1fp56XL64D4Kf0zJSwDZbVLLm7KFkoIcHrgRvQ+sk8dnhySs7+yBg94yIkAK7aJg==",
      "dev": true
    },
    "redis-errors": {
      "version": "1.2.0",
      "resolved": "https://registry.npmjs.org/redis-errors/-/redis-errors-1.2.0.tgz",
      "integrity": "sha1-62LSrbFeTq9GEMBK/hUpOEJQq60=",
      "dev": true
    },
    "redis-parser": {
      "version": "3.0.0",
      "resolved": "https://registry.npmjs.org/redis-parser/-/redis-parser-3.0.0.tgz",
      "integrity": "sha1-tm2CjNyv5rS4pCin3vTGvKwxyLQ=",
      "dev": true,
      "requires": {
        "redis-errors": "^1.0.0"
      }
    },
    "standard-as-callback": {
      "version": "2.0.1",
      "resolved": "https://registry.npmjs.org/standard-as-callback/-/standard-as-callback-2.0.1.tgz",
      "integrity": "sha512-NQOxSeB8gOI5WjSaxjBgog2QFw55FV8TkS6Y07BiB3VJ8xNTvUYm0wl0s8ObgQ5NhdpnNfigMIKjgPESzgr4tg==",
      "dev": true
    }
  }
}
