{
  "name": "koc-common-request",
  "version": "2.0.4",
  "lockfileVersion": 1,
  "requires": true,
  "dependencies": {
    "@babel/runtime": {
      "version": "7.12.5",
      "resolved": "https://registry.npmjs.org/@babel/runtime/-/runtime-7.12.5.tgz",
      "integrity": "sha512-plcc+hbExy3McchJCEQG3knOsuh3HH+Prx1P6cLIkET/0dLuQDEnrT+s27Axgc9bqfsmNUNHfscgMUdBpC9xfg==",
      "requires": {
        "regenerator-runtime": "^0.13.4"
      }
    },
    "axios": {
      "version": "0.21.1",
      "resolved": "https://registry.npmjs.org/axios/-/axios-0.21.1.tgz",
      "integrity": "sha512-dKQiRHxGD9PPRIUNIWvZhPTPpl1rf/OxTYKsqKUDjBwYylTvV7SjSHJb9ratfyzM6wCdLCOYLzs73qpg5c4iGA==",
      "requires": {
        "follow-redirects": "^1.10.0"
      }
    },
    "cluster-key-slot": {
      "version": "1.1.0",
      "resolved": "https://registry.npmjs.org/cluster-key-slot/-/cluster-key-slot-1.1.0.tgz",
      "integrity": "sha512-2Nii8p3RwAPiFwsnZvukotvow2rIHM+yQ6ZcBXGHdniadkYGZYiGmkHJIbZPIV9nfv7m/U1IPMVVcAhoWFeklw==",
      "dev": true
    },
    "crypto-js": {
      "version": "4.0.0",
      "resolved": "https://registry.npmjs.org/crypto-js/-/crypto-js-4.0.0.tgz",
      "integrity": "sha512-bzHZN8Pn+gS7DQA6n+iUmBfl0hO5DJq++QP3U6uTucDtk/0iGpXd/Gg7CGR0p8tJhofJyaKoWBuJI4eAO00BBg=="
    },
    "debug": {
      "version": "4.3.1",
      "resolved": "https://registry.npmjs.org/debug/-/debug-4.3.1.tgz",
      "integrity": "sha512-doEwdvm4PCeK4K3RQN2ZC2BYUBaxwLARCqZmMjtF8a51J2Rb0xpVloFRnCODwqjpwnAoao4pelN8l3RJdv3gRQ==",
      "dev": true,
      "requires": {
        "ms": "2.1.2"
      }
    },
    "denque": {
      "version": "1.5.0",
      "resolved": "https://registry.npmjs.org/denque/-/denque-1.5.0.tgz",
      "integrity": "sha512-CYiCSgIF1p6EUByQPlGkKnP1M9g0ZV3qMIrqMqZqdwazygIA/YP2vrbcyl1h/WppKJTdl1F85cXIle+394iDAQ==",
      "dev": true
    },
    "follow-redirects": {
      "version": "1.13.2",
      "resolved": "https://registry.npmjs.org/follow-redirects/-/follow-redirects-1.13.2.tgz",
      "integrity": "sha512-6mPTgLxYm3r6Bkkg0vNM0HTjfGrOEtsfbhagQvbxDEsEkpNhw582upBaoRZylzen6krEmxXJgt9Ju6HiI4O7BA=="
    },
    "ioredis": {
      "version": "4.19.4",
      "resolved": "https://registry.npmjs.org/ioredis/-/ioredis-4.19.4.tgz",
      "integrity": "sha512-3haQWw9dpEjcfVcRktXlayVNrrqvvc2io7Q/uiV2UsYw8/HC2YwwJr78Wql7zu5bzwci0x9bZYA69U7KkevAvw==",
      "dev": true,
      "requires": {
        "cluster-key-slot": "^1.1.0",
        "debug": "^4.1.1",
        "denque": "^1.1.0",
        "lodash.defaults": "^4.2.0",
        "lodash.flatten": "^4.4.0",
        "p-map": "^2.1.0",
        "redis-commands": "1.6.0",
        "redis-errors": "^1.2.0",
        "redis-parser": "^3.0.0",
        "standard-as-callback": "^2.0.1"
      }
    },
    "koc-common-datetime": {
      "version": "1.0.32",
      "resolved": "https://registry.npmjs.org/koc-common-datetime/-/koc-common-datetime-1.0.32.tgz",
      "integrity": "sha512-yTDdJE1U+KtenIFOaHUuXa5Mz4yGwEIuYseZInu9Kh+Za5EZw12lwQnVDbdfdEP+iIjzm2PAjeXApbLEPsGBEw==",
      "dev": true,
      "requires": {
        "koc-common-string": "^1.0.51",
        "moment": "^2.29.1"
      }
    },
    "koc-common-redis": {
      "version": "2.0.4",
      "resolved": "https://registry.npmjs.org/koc-common-redis/-/koc-common-redis-2.0.4.tgz",
      "integrity": "sha512-Voq9yp1XCuuUYgh/knAPdV5QQEaxURbQlpKYeF+A/q19Wbemwk/X96Ioe7RdHgm7yusteymaoyksd66qHYIM1g==",
      "dev": true,
      "requires": {
        "ioredis": "^4.19.4",
        "koc-common-return": "^2.0.9"
      }
    },
    "koc-common-return": {
      "version": "2.0.9",
      "resolved": "https://registry.npmjs.org/koc-common-return/-/koc-common-return-2.0.9.tgz",
      "integrity": "sha512-idpT8aTAPubh6cp+aop2vR/XumC8PHR7nIJcayTSV2loQFp+RuXhTAs2doFfzOjm6fmSmqaDJFpfBBSqRkj1fQ==",
      "requires": {
        "@babel/runtime": "^7.12.5"
      }
    },
    "koc-common-string": {
      "version": "1.0.51",
      "resolved": "https://registry.npmjs.org/koc-common-string/-/koc-common-string-1.0.51.tgz",
      "integrity": "sha512-0YpAFpJZdJCDxpYyHRc9xRQEpQwLfs2sb/XUfZ0nkEbEA65TBlM01fWTaKc2CRcoW/iVmZdE7nK+KEtlGylCLg==",
      "requires": {
        "crypto-js": "^4.0.0",
        "qs": "^6.9.6"
      }
    },
    "lodash.defaults": {
      "version": "4.2.0",
      "resolved": "https://registry.npmjs.org/lodash.defaults/-/lodash.defaults-4.2.0.tgz",
      "integrity": "sha1-0JF4cW/+pN3p5ft7N/bwgCJ0WAw=",
      "dev": true
    },
    "lodash.flatten": {
      "version": "4.4.0",
      "resolved": "https://registry.npmjs.org/lodash.flatten/-/lodash.flatten-4.4.0.tgz",
      "integrity": "sha1-8xwiIlqWMtK7+OSt2+8kCqdlph8=",
      "dev": true
    },
    "moment": {
      "version": "2.29.4",
      "resolved": "https://registry.npmjs.org/moment/-/moment-2.29.4.tgz",
      "integrity": "sha512-5LC9SOxjSc2HF6vO2CyuTDNivEdoz2IvyJJGj6X8DJ0eFyfszE0QiEd+iXmBvUP3WHxSjFH/vIsA0EN00cgr8w==",
      "dev": true
    },
    "ms": {
      "version": "2.1.2",
      "resolved": "https://registry.npmjs.org/ms/-/ms-2.1.2.tgz",
      "integrity": "sha512-sGkPx+VjMtmA6MX27oA4FBFELFCZZ4S4XqeGOXCv68tT+jb3vk/RyaKWP0PTKyWtmLSM0b+adUTEvbs1PEaH2w==",
      "dev": true
    },
    "p-map": {
      "version": "2.1.0",
      "resolved": "https://registry.npmjs.org/p-map/-/p-map-2.1.0.tgz",
      "integrity": "sha512-y3b8Kpd8OAN444hxfBbFfj1FY/RjtTd8tzYwhUqNYXx0fXx2iX4maP4Qr6qhIKbQXI02wTLAda4fYUbDagTUFw==",
      "dev": true
    },
    "qs": {
      "version": "6.9.6",
      "resolved": "https://registry.npmjs.org/qs/-/qs-6.9.6.tgz",
      "integrity": "sha512-TIRk4aqYLNoJUbd+g2lEdz5kLWIuTMRagAXxl78Q0RiVjAOugHmeKNGdd3cwo/ktpf9aL9epCfFqWDEKysUlLQ=="
    },
    "redis-commands": {
      "version": "1.6.0",
      "resolved": "https://registry.npmjs.org/redis-commands/-/redis-commands-1.6.0.tgz",
      "integrity": "sha512-2jnZ0IkjZxvguITjFTrGiLyzQZcTvaw8DAaCXxZq/dsHXz7KfMQ3OUJy7Tz9vnRtZRVz6VRCPDvruvU8Ts44wQ==",
      "dev": true
    },
    "redis-errors": {
      "version": "1.2.0",
      "resolved": "https://registry.npmjs.org/redis-errors/-/redis-errors-1.2.0.tgz",
      "integrity": "sha1-62LSrbFeTq9GEMBK/hUpOEJQq60=",
      "dev": true
    },
    "redis-parser": {
      "version": "3.0.0",
      "resolved": "https://registry.npmjs.org/redis-parser/-/redis-parser-3.0.0.tgz",
      "integrity": "sha1-tm2CjNyv5rS4pCin3vTGvKwxyLQ=",
      "dev": true,
      "requires": {
        "redis-errors": "^1.0.0"
      }
    },
    "regenerator-runtime": {
      "version": "0.13.7",
      "resolved": "https://registry.npmjs.org/regenerator-runtime/-/regenerator-runtime-0.13.7.tgz",
      "integrity": "sha512-a54FxoJDIr27pgf7IgeQGxmqUNYrcV338lf/6gH456HZ/PhX+5BcwHXG9ajESmwe6WRO0tAzRUrRmNONWgkrew=="
    },
    "standard-as-callback": {
      "version": "2.0.1",
      "resolved": "https://registry.npmjs.org/standard-as-callback/-/standard-as-callback-2.0.1.tgz",
      "integrity": "sha512-NQOxSeB8gOI5WjSaxjBgog2QFw55FV8TkS6Y07BiB3VJ8xNTvUYm0wl0s8ObgQ5NhdpnNfigMIKjgPESzgr4tg==",
      "dev": true
    }
  }
}
